
Microsoft Visual Studio Solution File, Format Version 12.00
# Visual Studio Version 17
VisualStudioVersion = 17.6.33829.357
MinimumVisualStudioVersion = 10.0.40219.1
Project("{FAE04EC0-301F-11D3-BF4B-00C04F79EFBC}") = "RealEstate_Dapper_Api", "RealEstate_Dapper_Api\RealEstate_Dapper_Api.csproj", "{62023533-0822-4432-A98B-FB3F3412F8D0}"
EndProject
Project("{FAE04EC0-301F-11D3-BF4B-00C04F79EFBC}") = "RealEstate_Dapper_UI", "RealEstate_Dapper_UI\RealEstate_Dapper_UI.csproj", "{1CA9DA0E-8528-468B-93CE-316E3471C9EE}"
EndProject
Global
	GlobalSection(SolutionConfigurationPlatforms) = preSolution
		Debug|Any CPU = Debug|Any CPU
		Release|Any CPU = Release|Any CPU
	EndGlobalSection
	GlobalSection(ProjectConfigurationPlatforms) = postSolution
		{62023533-0822-4432-A98B-FB3F3412F8D0}.Debug|Any CPU.ActiveCfg = Debug|Any CPU
		{62023533-0822-4432-A98B-FB3F3412F8D0}.Debug|Any CPU.Build.0 = Debug|Any CPU
		{62023533-0822-4432-A98B-FB3F3412F8D0}.Release|Any CPU.ActiveCfg = Release|Any CPU
		{62023533-0822-4432-A98B-FB3F3412F8D0}.Release|Any CPU.Build.0 = Release|Any CPU
		{1CA9DA0E-8528-468B-93CE-316E3471C9EE}.Debug|Any CPU.ActiveCfg = Debug|Any CPU
		{1CA9DA0E-8528-468B-93CE-316E3471C9EE}.Debug|Any CPU.Build.0 = Debug|Any CPU
		{1CA9DA0E-8528-468B-93CE-316E3471C9EE}.Release|Any CPU.ActiveCfg = Release|Any CPU
		{1CA9DA0E-8528-468B-93CE-316E3471C9EE}.Release|Any CPU.Build.0 = Release|Any CPU
	EndGlobalSection
	GlobalSection(SolutionProperties) = preSolution
		HideSolutionNode = FALSE
	EndGlobalSection
	GlobalSection(ExtensibilityGlobals) = postSolution
		SolutionGuid = {4505E519-E364-4205-AE52-2B93911C30D6}
	EndGlobalSection
EndGlobal
